// !$*UTF8*$!
{
	archiveVersion = 1;
	classes = {
	};
	objectVersion = 56;
	objects = {

/* Begin PBXBuildFile section */
		A10000000000000000000001 /* MemoryBoxApp.swift in Sources */ = {isa = PBXBuildFile; fileRef = A20000000000000000000001 /* MemoryBoxApp.swift */; };
		A10000000000000000000002 /* Memory.swift in Sources */ = {isa = PBXBuildFile; fileRef = A20000000000000000000002 /* Memory.swift */; };
		A10000000000000000000003 /* ContentView.swift in Sources */ = {isa = PBXBuildFile; fileRef = A20000000000000000000003 /* ContentView.swift */; };
		A10000000000000000000004 /* GravityView.swift in Sources */ = {isa = PBXBuildFile; fileRef = A20000000000000000000004 /* GravityView.swift */; };
		A10000000000000000000005 /* GravityViewController.swift in Sources */ = {isa = PBXBuildFile; fileRef = A20000000000000000000005 /* GravityViewController.swift */; };
		A10000000000000000000006 /* CanvasView.swift in Sources */ = {isa = PBXBuildFile; fileRef = A20000000000000000000006 /* CanvasView.swift */; };
		A10000000000000000000007 /* CanvasViewController.swift in Sources */ = {isa = PBXBuildFile; fileRef = A20000000000000000000007 /* CanvasViewController.swift */; };
		A10000000000000000000008 /* ShelfView.swift in Sources */ = {isa = PBXBuildFile; fileRef = A20000000000000000000008 /* ShelfView.swift */; };
		A10000000000000000000009 /* AddMemorySheet.swift in Sources */ = {isa = PBXBuildFile; fileRef = A20000000000000000000009 /* AddMemorySheet.swift */; };
		A1000000000000000000000A /* MemoryCard.swift in Sources */ = {isa = PBXBuildFile; fileRef = A2000000000000000000000A /* MemoryCard.swift */; };
		A1000000000000000000000B /* MemoryDetailSheet.swift in Sources */ = {isa = PBXBuildFile; fileRef = A2000000000000000000000B /* MemoryDetailSheet.swift */; };
		A1000000000000000000000C /* DateFormatters.swift in Sources */ = {isa = PBXBuildFile; fileRef = A2000000000000000000000C /* DateFormatters.swift */; };
		A1000000000000000000000D /* Assets.xcassets in Resources */ = {isa = PBXBuildFile; fileRef = A2000000000000000000000D /* Assets.xcassets */; };
		A1000000000000000000000E /* BackgroundRemover.swift in Sources */ = {isa = PBXBuildFile; fileRef = A2000000000000000000000E /* BackgroundRemover.swift */; };
		A1000000000000000000000F /* MemoryStickerView.swift in Sources */ = {isa = PBXBuildFile; fileRef = A2000000000000000000000F /* MemoryStickerView.swift */; };
		A10000000000000000000010 /* EditorialFlatlayLayout.swift in Sources */ = {isa = PBXBuildFile; fileRef = A20000000000000000000010 /* EditorialFlatlayLayout.swift */; };
/* End PBXBuildFile section */

/* Begin PBXFileReference section */
		A20000000000000000000000 /* MemoryBox.app */ = {isa = PBXFileReference; explicitFileType = wrapper.application; includeInIndex = 0; path = MemoryBox.app; sourceTree = BUILT_PRODUCTS_DIR; };
		A20000000000000000000001 /* MemoryBoxApp.swift */ = {isa = PBXFileReference; lastKnownFileType = sourcecode.swift; path = MemoryBoxApp.swift; sourceTree = "<group>"; };
		A20000000000000000000002 /* Memory.swift */ = {isa = PBXFileReference; lastKnownFileType = sourcecode.swift; path = Memory.swift; sourceTree = "<group>"; };
		A20000000000000000000003 /* ContentView.swift */ = {isa = PBXFileReference; lastKnownFileType = sourcecode.swift; path = ContentView.swift; sourceTree = "<group>"; };
		A20000000000000000000004 /* GravityView.swift */ = {isa = PBXFileReference; lastKnownFileType = sourcecode.swift; path = GravityView.swift; sourceTree = "<group>"; };
		A20000000000000000000005 /* GravityViewController.swift */ = {isa = PBXFileReference; lastKnownFileType = sourcecode.swift; path = GravityViewController.swift; sourceTree = "<group>"; };
		A20000000000000000000006 /* CanvasView.swift */ = {isa = PBXFileReference; lastKnownFileType = sourcecode.swift; path = CanvasView.swift; sourceTree = "<group>"; };
		A20000000000000000000007 /* CanvasViewController.swift */ = {isa = PBXFileReference; lastKnownFileType = sourcecode.swift; path = CanvasViewController.swift; sourceTree = "<group>"; };
		A20000000000000000000008 /* ShelfView.swift */ = {isa = PBXFileReference; lastKnownFileType = sourcecode.swift; path = ShelfView.swift; sourceTree = "<group>"; };
		A20000000000000000000009 /* AddMemorySheet.swift */ = {isa = PBXFileReference; lastKnownFileType = sourcecode.swift; path = AddMemorySheet.swift; sourceTree = "<group>"; };
		A2000000000000000000000A /* MemoryCard.swift */ = {isa = PBXFileReference; lastKnownFileType = sourcecode.swift; path = MemoryCard.swift; sourceTree = "<group>"; };
		A2000000000000000000000B /* MemoryDetailSheet.swift */ = {isa = PBXFileReference; lastKnownFileType = sourcecode.swift; path = MemoryDetailSheet.swift; sourceTree = "<group>"; };
		A2000000000000000000000C /* DateFormatters.swift */ = {isa = PBXFileReference; lastKnownFileType = sourcecode.swift; path = DateFormatters.swift; sourceTree = "<group>"; };
		A2000000000000000000000D /* Assets.xcassets */ = {isa = PBXFileReference; lastKnownFileType = folder.assetcatalog; path = Assets.xcassets; sourceTree = "<group>"; };
		A2000000000000000000000E /* BackgroundRemover.swift */ = {isa = PBXFileReference; lastKnownFileType = sourcecode.swift; path = BackgroundRemover.swift; sourceTree = "<group>"; };
		A2000000000000000000000F /* MemoryStickerView.swift */ = {isa = PBXFileReference; lastKnownFileType = sourcecode.swift; path = MemoryStickerView.swift; sourceTree = "<group>"; };
		A20000000000000000000010 /* EditorialFlatlayLayout.swift */ = {isa = PBXFileReference; lastKnownFileType = sourcecode.swift; path = EditorialFlatlayLayout.swift; sourceTree = "<group>"; };
/* End PBXFileReference section */

/* Begin PBXFrameworksBuildPhase section */
		A30000000000000000000002 /* Frameworks */ = {
			isa = PBXFrameworksBuildPhase;
			buildActionMask = 2147483647;
			files = (
			);
			runOnlyForDeploymentPostprocessing = 0;
		};
/* End PBXFrameworksBuildPhase section */

/* Begin PBXGroup section */
		A40000000000000000000000 = {
			isa = PBXGroup;
			children = (
				A40000000000000000000001 /* MemoryBox */,
				A40000000000000000000002 /* Products */,
			);
			sourceTree = "<group>";
		};
		A40000000000000000000001 /* MemoryBox */ = {
			isa = PBXGroup;
			children = (
				A20000000000000000000001 /* MemoryBoxApp.swift */,
				A40000000000000000000003 /* Models */,
				A40000000000000000000004 /* Views */,
				A40000000000000000000005 /* Utilities */,
				A2000000000000000000000D /* Assets.xcassets */,
			);
			path = MemoryBox;
			sourceTree = "<group>";
		};
		A40000000000000000000002 /* Products */ = {
			isa = PBXGroup;
			children = (
				A20000000000000000000000 /* MemoryBox.app */,
			);
			name = Products;
			sourceTree = "<group>";
		};
		A40000000000000000000003 /* Models */ = {
			isa = PBXGroup;
			children = (
				A20000000000000000000002 /* Memory.swift */,
			);
			path = Models;
			sourceTree = "<group>";
		};
		A40000000000000000000004 /* Views */ = {
			isa = PBXGroup;
			children = (
				A20000000000000000000003 /* ContentView.swift */,
				A20000000000000000000004 /* GravityView.swift */,
				A20000000000000000000005 /* GravityViewController.swift */,
				A20000000000000000000006 /* CanvasView.swift */,
				A20000000000000000000007 /* CanvasViewController.swift */,
				A20000000000000000000008 /* ShelfView.swift */,
				A20000000000000000000009 /* AddMemorySheet.swift */,
				A2000000000000000000000A /* MemoryCard.swift */,
				A2000000000000000000000B /* MemoryDetailSheet.swift */,
				A2000000000000000000000F /* MemoryStickerView.swift */,
			);
			path = Views;
			sourceTree = "<group>";
		};
		A40000000000000000000005 /* Utilities */ = {
			isa = PBXGroup;
			children = (
				A2000000000000000000000C /* DateFormatters.swift */,
				A2000000000000000000000E /* BackgroundRemover.swift */,
				A20000000000000000000010 /* EditorialFlatlayLayout.swift */,
			);
			path = Utilities;
			sourceTree = "<group>";
		};
/* End PBXGroup section */

/* Begin PBXNativeTarget section */
		A50000000000000000000001 /* MemoryBox */ = {
			isa = PBXNativeTarget;
			buildConfigurationList = A60000000000000000000002 /* Build configuration list for PBXNativeTarget "MemoryBox" */;
			buildPhases = (
				A30000000000000000000001 /* Sources */,
				A30000000000000000000002 /* Frameworks */,
				A30000000000000000000003 /* Resources */,
			);
			buildRules = (
			);
			dependencies = (
			);
			name = MemoryBox;
			productName = MemoryBox;
			productReference = A20000000000000000000000 /* MemoryBox.app */;
			productType = "com.apple.product-type.application";
		};
/* End PBXNativeTarget section */

/* Begin PBXProject section */
		A70000000000000000000001 /* Project object */ = {
			isa = PBXProject;
			attributes = {
				BuildIndependentTargetsInParallel = 1;
				LastSwiftUpdateCheck = 1500;
				LastUpgradeCheck = 1500;
				TargetAttributes = {
					A50000000000000000000001 = {
						CreatedOnToolsVersion = 15.0;
					};
				};
			};
			buildConfigurationList = A60000000000000000000001 /* Build configuration list for PBXProject "MemoryBox" */;
			compatibilityVersion = "Xcode 14.0";
			developmentRegion = en;
			hasScannedForEncodings = 0;
			knownRegions = (
				en,
				Base,
			);
			mainGroup = A40000000000000000000000;
			productRefGroup = A40000000000000000000002 /* Products */;
			projectDirPath = "";
			projectRoot = "";
			targets = (
				A50000000000000000000001 /* MemoryBox */,
			);
		};
/* End PBXProject section */

/* Begin PBXResourcesBuildPhase section */
		A30000000000000000000003 /* Resources */ = {
			isa = PBXResourcesBuildPhase;
			buildActionMask = 2147483647;
			files = (
				A1000000000000000000000D /* Assets.xcassets in Resources */,
			);
			runOnlyForDeploymentPostprocessing = 0;
		};
/* End PBXResourcesBuildPhase section */

/* Begin PBXSourcesBuildPhase section */
		A30000000000000000000001 /* Sources */ = {
			isa = PBXSourcesBuildPhase;
			buildActionMask = 2147483647;
			files = (
				A10000000000000000000001 /* MemoryBoxApp.swift in Sources */,
				A10000000000000000000002 /* Memory.swift in Sources */,
				A10000000000000000000003 /* ContentView.swift in Sources */,
				A10000000000000000000004 /* GravityView.swift in Sources */,
				A10000000000000000000005 /* GravityViewController.swift in Sources */,
				A10000000000000000000006 /* CanvasView.swift in Sources */,
				A10000000000000000000007 /* CanvasViewController.swift in Sources */,
				A10000000000000000000008 /* ShelfView.swift in Sources */,
				A10000000000000000000009 /* AddMemorySheet.swift in Sources */,
				A1000000000000000000000A /* MemoryCard.swift in Sources */,
				A1000000000000000000000B /* MemoryDetailSheet.swift in Sources */,
				A1000000000000000000000C /* DateFormatters.swift in Sources */,
				A1000000000000000000000E /* BackgroundRemover.swift in Sources */,
				A1000000000000000000000F /* MemoryStickerView.swift in Sources */,
				A10000000000000000000010 /* EditorialFlatlayLayout.swift in Sources */,
			);
			runOnlyForDeploymentPostprocessing = 0;
		};
/* End PBXSourcesBuildPhase section */

/* Begin XCBuildConfiguration section */
		A80000000000000000000001 /* Debug */ = {
			isa = XCBuildConfiguration;
			buildSettings = {
				ALWAYS_SEARCH_USER_PATHS = NO;
				CLANG_ENABLE_MODULES = YES;
				COPY_PHASE_STRIP = NO;
				DEBUG_INFORMATION_FORMAT = dwarf;
				ENABLE_TESTABILITY = YES;
				GCC_DYNAMIC_NO_PIC = NO;
				GCC_OPTIMIZATION_LEVEL = 0;
				IPHONEOS_DEPLOYMENT_TARGET = 17.0;
				ONLY_ACTIVE_ARCH = YES;
				SDKROOT = iphoneos;
				SWIFT_ACTIVE_COMPILATION_CONDITIONS = DEBUG;
				SWIFT_OPTIMIZATION_LEVEL = "-Onone";
			};
			name = Debug;
		};
		A80000000000000000000002 /* Release */ = {
			isa = XCBuildConfiguration;
			buildSettings = {
				ALWAYS_SEARCH_USER_PATHS = NO;
				CLANG_ENABLE_MODULES = YES;
				COPY_PHASE_STRIP = NO;
				DEBUG_INFORMATION_FORMAT = "dwarf-with-dsym";
				IPHONEOS_DEPLOYMENT_TARGET = 17.0;
				SDKROOT = iphoneos;
				SWIFT_COMPILATION_MODE = wholemodule;
				VALIDATE_PRODUCT = YES;
			};
			name = Release;
		};
		A80000000000000000000003 /* Debug */ = {
			isa = XCBuildConfiguration;
			buildSettings = {
				ASSETCATALOG_COMPILER_APPICON_NAME = AppIcon;
				ASSETCATALOG_COMPILER_GLOBAL_ACCENT_COLOR_NAME = AccentColor;
				CODE_SIGN_STYLE = Automatic;
				CURRENT_PROJECT_VERSION = 1;
				DEVELOPMENT_TEAM = CFQ82YLRB9;
				ENABLE_PREVIEWS = YES;
				GENERATE_INFOPLIST_FILE = YES;
				INFOPLIST_KEY_NSCameraUsageDescription = "Memory Box needs camera access to capture photos for your memories.";
				INFOPLIST_KEY_NSPhotoLibraryUsageDescription = "Memory Box needs photo library access to attach photos to your memories.";
				INFOPLIST_KEY_UIApplicationSceneManifest_Generation = YES;
				INFOPLIST_KEY_UILaunchScreen_Generation = YES;
				INFOPLIST_KEY_UISupportedInterfaceOrientations_iPad = "UIInterfaceOrientationPortrait UIInterfaceOrientationPortraitUpsideDown UIInterfaceOrientationLandscapeLeft UIInterfaceOrientationLandscapeRight";
				INFOPLIST_KEY_UISupportedInterfaceOrientations_iPhone = "UIInterfaceOrientationPortrait UIInterfaceOrientationLandscapeLeft UIInterfaceOrientationLandscapeRight";
				LD_RUNPATH_SEARCH_PATHS = (
					"$(inherited)",
					"@executable_path/Frameworks",
				);
				MARKETING_VERSION = 1.0;
				PRODUCT_BUNDLE_IDENTIFIER = com.chaeeun.memorybox;
				PRODUCT_NAME = "$(TARGET_NAME)";
				SWIFT_EMIT_LOC_STRINGS = YES;
				SWIFT_VERSION = 5.0;
				TARGETED_DEVICE_FAMILY = "1,2";
			};
			name = Debug;
		};
		A80000000000000000000004 /* Release */ = {
			isa = XCBuildConfiguration;
			buildSettings = {
				ASSETCATALOG_COMPILER_APPICON_NAME = AppIcon;
				ASSETCATALOG_COMPILER_GLOBAL_ACCENT_COLOR_NAME = AccentColor;
				CODE_SIGN_STYLE = Automatic;
				CURRENT_PROJECT_VERSION = 1;
				DEVELOPMENT_TEAM = CFQ82YLRB9;
				ENABLE_PREVIEWS = YES;
				GENERATE_INFOPLIST_FILE = YES;
				INFOPLIST_KEY_NSCameraUsageDescription = "Memory Box needs camera access to capture photos for your memories.";
				INFOPLIST_KEY_NSPhotoLibraryUsageDescription = "Memory Box needs photo library access to attach photos to your memories.";
				INFOPLIST_KEY_UIApplicationSceneManifest_Generation = YES;
				INFOPLIST_KEY_UILaunchScreen_Generation = YES;
				INFOPLIST_KEY_UISupportedInterfaceOrientations_iPad = "UIInterfaceOrientationPortrait UIInterfaceOrientationPortraitUpsideDown UIInterfaceOrientationLandscapeLeft UIInterfaceOrientationLandscapeRight";
				INFOPLIST_KEY_UISupportedInterfaceOrientations_iPhone = "UIInterfaceOrientationPortrait UIInterfaceOrientationLandscapeLeft UIInterfaceOrientationLandscapeRight";
				LD_RUNPATH_SEARCH_PATHS = (
					"$(inherited)",
					"@executable_path/Frameworks",
				);
				MARKETING_VERSION = 1.0;
				PRODUCT_BUNDLE_IDENTIFIER = com.chaeeun.memorybox;
				PRODUCT_NAME = "$(TARGET_NAME)";
				SWIFT_EMIT_LOC_STRINGS = YES;
				SWIFT_VERSION = 5.0;
				TARGETED_DEVICE_FAMILY = "1,2";
			};
			name = Release;
		};
/* End XCBuildConfiguration section */

/* Begin XCConfigurationList section */
		A60000000000000000000001 /* Build configuration list for PBXProject "MemoryBox" */ = {
			isa = XCConfigurationList;
			buildConfigurations = (
				A80000000000000000000001 /* Debug */,
				A80000000000000000000002 /* Release */,
			);
			defaultConfigurationIsVisible = 0;
			defaultConfigurationName = Release;
		};
		A60000000000000000000002 /* Build configuration list for PBXNativeTarget "MemoryBox" */ = {
			isa = XCConfigurationList;
			buildConfigurations = (
				A80000000000000000000003 /* Debug */,
				A80000000000000000000004 /* Release */,
			);
			defaultConfigurationIsVisible = 0;
			defaultConfigurationName = Release;
		};
/* End XCConfigurationList section */
	};
	rootObject = A70000000000000000000001 /* Project object */;
}
